schema: '2.0'
stages:
  data_ingestion:
    cmd: python src/data/data_ingestion.py
    deps:
    - path: src/data/data_ingestion.py
      hash: md5
      md5: 85f5c05f48e58e61b3037e6a96ff9e46
      size: 3000
    params:
      params.yaml:
        data_ingestion.test_size: 0.21
    outs:
    - path: data/raw
      hash: md5
      md5: 12ab41edc14fc89684a832610be41981.dir
      size: 827973
      nfiles: 2
  data_preprocessing:
    cmd: python src/data/data_preprocessing.py
    deps:
    - path: data/raw
      hash: md5
      md5: 12ab41edc14fc89684a832610be41981.dir
      size: 827973
      nfiles: 2
    - path: src/data/data_preprocessing.py
      hash: md5
      md5: 01277ac728e7e791ad0e4cdef943ac13
      size: 4629
    outs:
    - path: data/interim
      hash: md5
      md5: 928ab41c95e0d50fe1ee2bb1e9436d86.dir
      size: 615862
      nfiles: 2
  feature_engineering:
    cmd: python src/features/feature_engineering.py
    deps:
    - path: data/interim
      hash: md5
      md5: 928ab41c95e0d50fe1ee2bb1e9436d86.dir
      size: 615862
      nfiles: 2
    - path: src/features/feature_engineering.py
      hash: md5
      md5: 6b14e7ea8d92917ed4454926da7c1a29
      size: 3608
    params:
      params.yaml:
        feature_engineering.max_features: 500
    outs:
    - path: data/features
      hash: md5
      md5: a23c054ce85fa0a22015270cab7e9a93.dir
      size: 21490421
      nfiles: 2
  model_building:
    cmd: python src/models/model_building.py
    deps:
    - path: data/features
      hash: md5
      md5: a23c054ce85fa0a22015270cab7e9a93.dir
      size: 21490421
      nfiles: 2
    - path: src/models/model_building.py
      hash: md5
      md5: 3bf6171fae02b59a701653bd9738f3ac
      size: 3094
    params:
      params.yaml:
        model_building.learning_rate: 0.1
        model_building.n_estimators: 110
    outs:
    - path: model/model.pkl
      hash: md5
      md5: 752ec736fb0aeab589c9c3b17308cb86
      size: 146029
  model_evaluation:
    cmd: python src/models/model_evaluation.py
    deps:
    - path: data/features
      hash: md5
      md5: a23c054ce85fa0a22015270cab7e9a93.dir
      size: 21490421
      nfiles: 2
    - path: model/model.pkl
      hash: md5
      md5: 752ec736fb0aeab589c9c3b17308cb86
      size: 146029
    - path: src/models/model_evaluation.py
      hash: md5
      md5: b89d28d56a48819ef95e2794ef34790e
      size: 3673
    outs:
    - path: reports/metrics.json
      hash: md5
      md5: d8659709982ba71a6227f1e88efba9dd
      size: 145
